
Microsoft Visual Studio Solution File, Format Version 12.00
# Visual Studio Version 16
VisualStudioVersion = 16.0.30413.136
MinimumVisualStudioVersion = 10.0.40219.1
Project("{8BC9CEB8-8B4A-11D0-8D11-00A0C91BC942}") = "DM_3", "DM_3.vcxproj", "{32091BD1-E528-4342-84A7-A903ED54D88B}"
EndProject
Global
	GlobalSection(SolutionConfigurationPlatforms) = preSolution
		Debug|x64 = Debug|x64
		Debug|x86 = Debug|x86
		Release|x64 = Release|x64
		Release|x86 = Release|x86
	EndGlobalSection
	GlobalSection(ProjectConfigurationPlatforms) = postSolution
		{32091BD1-E528-4342-84A7-A903ED54D88B}.Debug|x64.ActiveCfg = Debug|x64
		{32091BD1-E528-4342-84A7-A903ED54D88B}.Debug|x64.Build.0 = Debug|x64
		{32091BD1-E528-4342-84A7-A903ED54D88B}.Debug|x86.ActiveCfg = Debug|Win32
		{32091BD1-E528-4342-84A7-A903ED54D88B}.Debug|x86.Build.0 = Debug|Win32
		{32091BD1-E528-4342-84A7-A903ED54D88B}.Release|x64.ActiveCfg = Release|x64
		{32091BD1-E528-4342-84A7-A903ED54D88B}.Release|x64.Build.0 = Release|x64
		{32091BD1-E528-4342-84A7-A903ED54D88B}.Release|x86.ActiveCfg = Release|Win32
		{32091BD1-E528-4342-84A7-A903ED54D88B}.Release|x86.Build.0 = Release|Win32
	EndGlobalSection
	GlobalSection(SolutionProperties) = preSolution
		HideSolutionNode = FALSE
	EndGlobalSection
	GlobalSection(ExtensibilityGlobals) = postSolution
		SolutionGuid = {E3896B30-A612-4629-A6A2-22348779E144}
	EndGlobalSection
EndGlobal
